
Microsoft Visual Studio Solution File, Format Version 12.00
# Visual Studio 15
VisualStudioVersion = 15.0.28307.106
MinimumVisualStudioVersion = 10.0.40219.1
Project("{FAE04EC0-301F-11D3-BF4B-00C04F79EFBC}") = "RoomCalcV2", "RoomCalcV2\RoomCalcV2.csproj", "{C372D12F-69D2-48CE-8D26-7E4A82A32F47}"
EndProject
Project("{FAE04EC0-301F-11D3-BF4B-00C04F79EFBC}") = "RoomCalcV2Tests", "RoomCalcV2Tests\RoomCalcV2Tests.csproj", "{B2853908-2DD1-44AF-A138-8938611B2283}"
EndProject
Global
	GlobalSection(SolutionConfigurationPlatforms) = preSolution
		Debug|Any CPU = Debug|Any CPU
		Debug|x64 = Debug|x64
		Release|Any CPU = Release|Any CPU
		Release|x64 = Release|x64
	EndGlobalSection
	GlobalSection(ProjectConfigurationPlatforms) = postSolution
		{C372D12F-69D2-48CE-8D26-7E4A82A32F47}.Debug|Any CPU.ActiveCfg = Debug|Any CPU
		{C372D12F-69D2-48CE-8D26-7E4A82A32F47}.Debug|Any CPU.Build.0 = Debug|Any CPU
		{C372D12F-69D2-48CE-8D26-7E4A82A32F47}.Debug|x64.ActiveCfg = Debug|Any CPU
		{C372D12F-69D2-48CE-8D26-7E4A82A32F47}.Debug|x64.Build.0 = Debug|Any CPU
		{C372D12F-69D2-48CE-8D26-7E4A82A32F47}.Release|Any CPU.ActiveCfg = Release|Any CPU
		{C372D12F-69D2-48CE-8D26-7E4A82A32F47}.Release|Any CPU.Build.0 = Release|Any CPU
		{C372D12F-69D2-48CE-8D26-7E4A82A32F47}.Release|x64.ActiveCfg = Release|x64
		{C372D12F-69D2-48CE-8D26-7E4A82A32F47}.Release|x64.Build.0 = Release|x64
		{B2853908-2DD1-44AF-A138-8938611B2283}.Debug|Any CPU.ActiveCfg = Debug|Any CPU
		{B2853908-2DD1-44AF-A138-8938611B2283}.Debug|Any CPU.Build.0 = Debug|Any CPU
		{B2853908-2DD1-44AF-A138-8938611B2283}.Debug|x64.ActiveCfg = Debug|Any CPU
		{B2853908-2DD1-44AF-A138-8938611B2283}.Debug|x64.Build.0 = Debug|Any CPU
		{B2853908-2DD1-44AF-A138-8938611B2283}.Release|Any CPU.ActiveCfg = Release|Any CPU
		{B2853908-2DD1-44AF-A138-8938611B2283}.Release|Any CPU.Build.0 = Release|Any CPU
		{B2853908-2DD1-44AF-A138-8938611B2283}.Release|x64.ActiveCfg = Release|Any CPU
		{B2853908-2DD1-44AF-A138-8938611B2283}.Release|x64.Build.0 = Release|Any CPU
	EndGlobalSection
	GlobalSection(SolutionProperties) = preSolution
		HideSolutionNode = FALSE
	EndGlobalSection
	GlobalSection(ExtensibilityGlobals) = postSolution
		SolutionGuid = {7C723027-7589-4158-AD27-0475A3EA7584}
	EndGlobalSection
EndGlobal
